
Microsoft Visual Studio Solution File, Format Version 12.00
Project("{FAE04EC0-301F-11D3-BF4B-00C04F79EFBC}") = "Flocking", "Flocking\Flocking.csproj", "{DC49A922-2E85-4E44-AC02-13937D7B4318}"
EndProject
Project("{FAE04EC0-301F-11D3-BF4B-00C04F79EFBC}") = "QTree", "QTree\QTree.csproj", "{399CA87A-4C9F-4142-81A5-5C2385C31D3B}"
EndProject
Project("{FAE04EC0-301F-11D3-BF4B-00C04F79EFBC}") = "Stho.SFML.Extensions", "Stho.SFML.Extensions\Stho.SFML.Extensions.csproj", "{1A836F44-4E3B-4529-83E8-B6DCA1376EC6}"
EndProject
Project("{FAE04EC0-301F-11D3-BF4B-00C04F79EFBC}") = "CircleIntersection", "CircleIntersection\CircleIntersection.csproj", "{16B40CC1-189A-4698-99E7-2F8CC97EF63B}"
EndProject
Project("{FAE04EC0-301F-11D3-BF4B-00C04F79EFBC}") = "RayCasting", "RayCasting\RayCasting.csproj", "{C1B50203-1B07-4938-BEB2-181C74BEBF17}"
EndProject
Project("{FAE04EC0-301F-11D3-BF4B-00C04F79EFBC}") = "LineCircleIntersection", "LineCircleIntersection\LineCircleIntersection.csproj", "{17A4194F-C2E6-4DE2-8B99-C4381E06B30E}"
EndProject
Project("{FAE04EC0-301F-11D3-BF4B-00C04F79EFBC}") = "LinearEquation", "LinearEquation\LinearEquation.csproj", "{D1E22D67-7F46-4D95-8DDF-4425DBCA963D}"
EndProject
Project("{FAE04EC0-301F-11D3-BF4B-00C04F79EFBC}") = "Stho.SFML.Extensions.UnitTests", "Stho.SFML.Extensions.UnitTests\Stho.SFML.Extensions.UnitTests.csproj", "{8891FD02-778F-4ACC-9ED3-3A1443FFF47F}"
EndProject
Project("{FAE04EC0-301F-11D3-BF4B-00C04F79EFBC}") = "Stho.SFML.Template", "Stho.SFML.Template\Stho.SFML.Template.csproj", "{3B734EBE-6E47-497F-8B24-C7DC044D5DCE}"
EndProject
Project("{FAE04EC0-301F-11D3-BF4B-00C04F79EFBC}") = "CirclePacking", "CirclePacking\CirclePacking.csproj", "{05B050D8-5B5C-4E8D-BB56-9741D71EA05D}"
EndProject
Project("{FAE04EC0-301F-11D3-BF4B-00C04F79EFBC}") = "Fireworks", "Fireworks\Fireworks.csproj", "{EA1D3F44-60E9-4882-9905-E548DB2B63EB}"
EndProject
Project("{FAE04EC0-301F-11D3-BF4B-00C04F79EFBC}") = "Skate", "Skate\Skate.csproj", "{3D3B26A7-D879-4F7F-A340-8565486B1907}"
EndProject
Project("{FAE04EC0-301F-11D3-BF4B-00C04F79EFBC}") = "Minesweeper", "Minesweeper\Minesweeper.csproj", "{1C7389CC-227C-41AB-A11C-071BB3EF5700}"
EndProject
Project("{FAE04EC0-301F-11D3-BF4B-00C04F79EFBC}") = "Maze", "Maze\Maze.csproj", "{6D76317F-4A39-45DC-B974-089508A86DCC}"
EndProject
Project("{FAE04EC0-301F-11D3-BF4B-00C04F79EFBC}") = "BallCollision", "BallCollision\BallCollision.csproj", "{F6F9588B-0B88-49FD-ADB7-DA1B3581B330}"
EndProject
Project("{FAE04EC0-301F-11D3-BF4B-00C04F79EFBC}") = "Sandbox", "Sandbox\Sandbox.csproj", "{4B276D03-FCA4-4CE3-8FB6-741679856A38}"
EndProject
Project("{FAE04EC0-301F-11D3-BF4B-00C04F79EFBC}") = "VectorReflection", "VectorReflection\VectorReflection.csproj", "{F14BC23E-E787-4D3E-8EB1-854E0D6C46EF}"
EndProject
Project("{FAE04EC0-301F-11D3-BF4B-00C04F79EFBC}") = "Tank", "Tank\Tank.csproj", "{F604BC06-8853-45AB-A916-84C5601B6F67}"
EndProject
Project("{FAE04EC0-301F-11D3-BF4B-00C04F79EFBC}") = "Pendulum", "Pendulum\Pendulum.csproj", "{86884218-1DC0-474E-8810-6A52912C9F36}"
EndProject
Project("{FAE04EC0-301F-11D3-BF4B-00C04F79EFBC}") = "AngularRotation", "AngularRotation\AngularRotation.csproj", "{C7A7D144-2F8D-432C-930F-92E7C1A6E557}"
EndProject
Project("{FAE04EC0-301F-11D3-BF4B-00C04F79EFBC}") = "SimpleCollision", "SimpleCollision\SimpleCollision.csproj", "{996F70F0-D955-4FFC-B8CF-594ABD7A921C}"
EndProject
Project("{FAE04EC0-301F-11D3-BF4B-00C04F79EFBC}") = "BallCollisionSimple", "BallCollisionSimple\BallCollisionSimple.csproj", "{2D5C7FB9-E2F0-4A6B-8EBE-7FFDB1FEBD0A}"
EndProject
Global
	GlobalSection(SolutionConfigurationPlatforms) = preSolution
		Debug|Any CPU = Debug|Any CPU
		Release|Any CPU = Release|Any CPU
	EndGlobalSection
	GlobalSection(ProjectConfigurationPlatforms) = postSolution
		{DC49A922-2E85-4E44-AC02-13937D7B4318}.Debug|Any CPU.ActiveCfg = Debug|Any CPU
		{DC49A922-2E85-4E44-AC02-13937D7B4318}.Debug|Any CPU.Build.0 = Debug|Any CPU
		{DC49A922-2E85-4E44-AC02-13937D7B4318}.Release|Any CPU.ActiveCfg = Release|Any CPU
		{DC49A922-2E85-4E44-AC02-13937D7B4318}.Release|Any CPU.Build.0 = Release|Any CPU
		{399CA87A-4C9F-4142-81A5-5C2385C31D3B}.Debug|Any CPU.ActiveCfg = Debug|Any CPU
		{399CA87A-4C9F-4142-81A5-5C2385C31D3B}.Debug|Any CPU.Build.0 = Debug|Any CPU
		{399CA87A-4C9F-4142-81A5-5C2385C31D3B}.Release|Any CPU.ActiveCfg = Release|Any CPU
		{399CA87A-4C9F-4142-81A5-5C2385C31D3B}.Release|Any CPU.Build.0 = Release|Any CPU
		{1A836F44-4E3B-4529-83E8-B6DCA1376EC6}.Debug|Any CPU.ActiveCfg = Debug|Any CPU
		{1A836F44-4E3B-4529-83E8-B6DCA1376EC6}.Debug|Any CPU.Build.0 = Debug|Any CPU
		{1A836F44-4E3B-4529-83E8-B6DCA1376EC6}.Release|Any CPU.ActiveCfg = Release|Any CPU
		{1A836F44-4E3B-4529-83E8-B6DCA1376EC6}.Release|Any CPU.Build.0 = Release|Any CPU
		{16B40CC1-189A-4698-99E7-2F8CC97EF63B}.Debug|Any CPU.ActiveCfg = Debug|Any CPU
		{16B40CC1-189A-4698-99E7-2F8CC97EF63B}.Debug|Any CPU.Build.0 = Debug|Any CPU
		{16B40CC1-189A-4698-99E7-2F8CC97EF63B}.Release|Any CPU.ActiveCfg = Release|Any CPU
		{16B40CC1-189A-4698-99E7-2F8CC97EF63B}.Release|Any CPU.Build.0 = Release|Any CPU
		{C1B50203-1B07-4938-BEB2-181C74BEBF17}.Debug|Any CPU.ActiveCfg = Debug|Any CPU
		{C1B50203-1B07-4938-BEB2-181C74BEBF17}.Debug|Any CPU.Build.0 = Debug|Any CPU
		{C1B50203-1B07-4938-BEB2-181C74BEBF17}.Release|Any CPU.ActiveCfg = Release|Any CPU
		{C1B50203-1B07-4938-BEB2-181C74BEBF17}.Release|Any CPU.Build.0 = Release|Any CPU
		{17A4194F-C2E6-4DE2-8B99-C4381E06B30E}.Debug|Any CPU.ActiveCfg = Debug|Any CPU
		{17A4194F-C2E6-4DE2-8B99-C4381E06B30E}.Debug|Any CPU.Build.0 = Debug|Any CPU
		{17A4194F-C2E6-4DE2-8B99-C4381E06B30E}.Release|Any CPU.ActiveCfg = Release|Any CPU
		{17A4194F-C2E6-4DE2-8B99-C4381E06B30E}.Release|Any CPU.Build.0 = Release|Any CPU
		{D1E22D67-7F46-4D95-8DDF-4425DBCA963D}.Debug|Any CPU.ActiveCfg = Debug|Any CPU
		{D1E22D67-7F46-4D95-8DDF-4425DBCA963D}.Debug|Any CPU.Build.0 = Debug|Any CPU
		{D1E22D67-7F46-4D95-8DDF-4425DBCA963D}.Release|Any CPU.ActiveCfg = Release|Any CPU
		{D1E22D67-7F46-4D95-8DDF-4425DBCA963D}.Release|Any CPU.Build.0 = Release|Any CPU
		{8891FD02-778F-4ACC-9ED3-3A1443FFF47F}.Debug|Any CPU.ActiveCfg = Debug|Any CPU
		{8891FD02-778F-4ACC-9ED3-3A1443FFF47F}.Debug|Any CPU.Build.0 = Debug|Any CPU
		{8891FD02-778F-4ACC-9ED3-3A1443FFF47F}.Release|Any CPU.ActiveCfg = Release|Any CPU
		{8891FD02-778F-4ACC-9ED3-3A1443FFF47F}.Release|Any CPU.Build.0 = Release|Any CPU
		{3B734EBE-6E47-497F-8B24-C7DC044D5DCE}.Debug|Any CPU.ActiveCfg = Debug|Any CPU
		{3B734EBE-6E47-497F-8B24-C7DC044D5DCE}.Debug|Any CPU.Build.0 = Debug|Any CPU
		{3B734EBE-6E47-497F-8B24-C7DC044D5DCE}.Release|Any CPU.ActiveCfg = Release|Any CPU
		{3B734EBE-6E47-497F-8B24-C7DC044D5DCE}.Release|Any CPU.Build.0 = Release|Any CPU
		{05B050D8-5B5C-4E8D-BB56-9741D71EA05D}.Debug|Any CPU.ActiveCfg = Debug|Any CPU
		{05B050D8-5B5C-4E8D-BB56-9741D71EA05D}.Debug|Any CPU.Build.0 = Debug|Any CPU
		{05B050D8-5B5C-4E8D-BB56-9741D71EA05D}.Release|Any CPU.ActiveCfg = Release|Any CPU
		{05B050D8-5B5C-4E8D-BB56-9741D71EA05D}.Release|Any CPU.Build.0 = Release|Any CPU
		{EA1D3F44-60E9-4882-9905-E548DB2B63EB}.Debug|Any CPU.ActiveCfg = Debug|Any CPU
		{EA1D3F44-60E9-4882-9905-E548DB2B63EB}.Debug|Any CPU.Build.0 = Debug|Any CPU
		{EA1D3F44-60E9-4882-9905-E548DB2B63EB}.Release|Any CPU.ActiveCfg = Release|Any CPU
		{EA1D3F44-60E9-4882-9905-E548DB2B63EB}.Release|Any CPU.Build.0 = Release|Any CPU
		{3D3B26A7-D879-4F7F-A340-8565486B1907}.Debug|Any CPU.ActiveCfg = Debug|Any CPU
		{3D3B26A7-D879-4F7F-A340-8565486B1907}.Debug|Any CPU.Build.0 = Debug|Any CPU
		{3D3B26A7-D879-4F7F-A340-8565486B1907}.Release|Any CPU.ActiveCfg = Release|Any CPU
		{3D3B26A7-D879-4F7F-A340-8565486B1907}.Release|Any CPU.Build.0 = Release|Any CPU
		{1C7389CC-227C-41AB-A11C-071BB3EF5700}.Debug|Any CPU.ActiveCfg = Debug|Any CPU
		{1C7389CC-227C-41AB-A11C-071BB3EF5700}.Debug|Any CPU.Build.0 = Debug|Any CPU
		{1C7389CC-227C-41AB-A11C-071BB3EF5700}.Release|Any CPU.ActiveCfg = Release|Any CPU
		{1C7389CC-227C-41AB-A11C-071BB3EF5700}.Release|Any CPU.Build.0 = Release|Any CPU
		{6D76317F-4A39-45DC-B974-089508A86DCC}.Debug|Any CPU.ActiveCfg = Debug|Any CPU
		{6D76317F-4A39-45DC-B974-089508A86DCC}.Debug|Any CPU.Build.0 = Debug|Any CPU
		{6D76317F-4A39-45DC-B974-089508A86DCC}.Release|Any CPU.ActiveCfg = Release|Any CPU
		{6D76317F-4A39-45DC-B974-089508A86DCC}.Release|Any CPU.Build.0 = Release|Any CPU
		{F6F9588B-0B88-49FD-ADB7-DA1B3581B330}.Debug|Any CPU.ActiveCfg = Debug|Any CPU
		{F6F9588B-0B88-49FD-ADB7-DA1B3581B330}.Debug|Any CPU.Build.0 = Debug|Any CPU
		{F6F9588B-0B88-49FD-ADB7-DA1B3581B330}.Release|Any CPU.ActiveCfg = Release|Any CPU
		{F6F9588B-0B88-49FD-ADB7-DA1B3581B330}.Release|Any CPU.Build.0 = Release|Any CPU
		{4B276D03-FCA4-4CE3-8FB6-741679856A38}.Debug|Any CPU.ActiveCfg = Debug|Any CPU
		{4B276D03-FCA4-4CE3-8FB6-741679856A38}.Debug|Any CPU.Build.0 = Debug|Any CPU
		{4B276D03-FCA4-4CE3-8FB6-741679856A38}.Release|Any CPU.ActiveCfg = Release|Any CPU
		{4B276D03-FCA4-4CE3-8FB6-741679856A38}.Release|Any CPU.Build.0 = Release|Any CPU
		{F14BC23E-E787-4D3E-8EB1-854E0D6C46EF}.Debug|Any CPU.ActiveCfg = Debug|Any CPU
		{F14BC23E-E787-4D3E-8EB1-854E0D6C46EF}.Debug|Any CPU.Build.0 = Debug|Any CPU
		{F14BC23E-E787-4D3E-8EB1-854E0D6C46EF}.Release|Any CPU.ActiveCfg = Release|Any CPU
		{F14BC23E-E787-4D3E-8EB1-854E0D6C46EF}.Release|Any CPU.Build.0 = Release|Any CPU
		{F604BC06-8853-45AB-A916-84C5601B6F67}.Debug|Any CPU.ActiveCfg = Debug|Any CPU
		{F604BC06-8853-45AB-A916-84C5601B6F67}.Debug|Any CPU.Build.0 = Debug|Any CPU
		{F604BC06-8853-45AB-A916-84C5601B6F67}.Release|Any CPU.ActiveCfg = Release|Any CPU
		{F604BC06-8853-45AB-A916-84C5601B6F67}.Release|Any CPU.Build.0 = Release|Any CPU
		{86884218-1DC0-474E-8810-6A52912C9F36}.Debug|Any CPU.ActiveCfg = Debug|Any CPU
		{86884218-1DC0-474E-8810-6A52912C9F36}.Debug|Any CPU.Build.0 = Debug|Any CPU
		{86884218-1DC0-474E-8810-6A52912C9F36}.Release|Any CPU.ActiveCfg = Release|Any CPU
		{86884218-1DC0-474E-8810-6A52912C9F36}.Release|Any CPU.Build.0 = Release|Any CPU
		{C7A7D144-2F8D-432C-930F-92E7C1A6E557}.Debug|Any CPU.ActiveCfg = Debug|Any CPU
		{C7A7D144-2F8D-432C-930F-92E7C1A6E557}.Debug|Any CPU.Build.0 = Debug|Any CPU
		{C7A7D144-2F8D-432C-930F-92E7C1A6E557}.Release|Any CPU.ActiveCfg = Release|Any CPU
		{C7A7D144-2F8D-432C-930F-92E7C1A6E557}.Release|Any CPU.Build.0 = Release|Any CPU
		{996F70F0-D955-4FFC-B8CF-594ABD7A921C}.Debug|Any CPU.ActiveCfg = Debug|Any CPU
		{996F70F0-D955-4FFC-B8CF-594ABD7A921C}.Debug|Any CPU.Build.0 = Debug|Any CPU
		{996F70F0-D955-4FFC-B8CF-594ABD7A921C}.Release|Any CPU.ActiveCfg = Release|Any CPU
		{996F70F0-D955-4FFC-B8CF-594ABD7A921C}.Release|Any CPU.Build.0 = Release|Any CPU
		{2D5C7FB9-E2F0-4A6B-8EBE-7FFDB1FEBD0A}.Debug|Any CPU.ActiveCfg = Debug|Any CPU
		{2D5C7FB9-E2F0-4A6B-8EBE-7FFDB1FEBD0A}.Debug|Any CPU.Build.0 = Debug|Any CPU
		{2D5C7FB9-E2F0-4A6B-8EBE-7FFDB1FEBD0A}.Release|Any CPU.ActiveCfg = Release|Any CPU
		{2D5C7FB9-E2F0-4A6B-8EBE-7FFDB1FEBD0A}.Release|Any CPU.Build.0 = Release|Any CPU
	EndGlobalSection
EndGlobal
